
Microsoft Visual Studio Solution File, Format Version 12.00
# Visual Studio Version 16
VisualStudioVersion = 16.0.30517.126
MinimumVisualStudioVersion = 10.0.40219.1
Project("{FAE04EC0-301F-11D3-BF4B-00C04F79EFBC}") = "Task3", "Task3.csproj", "{7BDC635E-54A0-47F3-B68D-48EE29563D13}"
EndProject
Global
	GlobalSection(SolutionConfigurationPlatforms) = preSolution
		Debug|Any CPU = Debug|Any CPU
		Release|Any CPU = Release|Any CPU
	EndGlobalSection
	GlobalSection(ProjectConfigurationPlatforms) = postSolution
		{7BDC635E-54A0-47F3-B68D-48EE29563D13}.Debug|Any CPU.ActiveCfg = Debug|Any CPU
		{7BDC635E-54A0-47F3-B68D-48EE29563D13}.Debug|Any CPU.Build.0 = Debug|Any CPU
		{7BDC635E-54A0-47F3-B68D-48EE29563D13}.Release|Any CPU.ActiveCfg = Release|Any CPU
		{7BDC635E-54A0-47F3-B68D-48EE29563D13}.Release|Any CPU.Build.0 = Release|Any CPU
	EndGlobalSection
	GlobalSection(SolutionProperties) = preSolution
		HideSolutionNode = FALSE
	EndGlobalSection
	GlobalSection(ExtensibilityGlobals) = postSolution
		SolutionGuid = {69C99E64-E1FE-4A10-8F71-4559CC375738}
	EndGlobalSection
EndGlobal
