
Microsoft Visual Studio Solution File, Format Version 12.00
# Visual Studio Version 16
VisualStudioVersion = 16.0.30517.126
MinimumVisualStudioVersion = 10.0.40219.1
Project("{FAE04EC0-301F-11D3-BF4B-00C04F79EFBC}") = "Task4", "Task4.csproj", "{F8DD78CF-7CDF-4B60-A427-1BC362A88481}"
EndProject
Global
	GlobalSection(SolutionConfigurationPlatforms) = preSolution
		Debug|Any CPU = Debug|Any CPU
		Release|Any CPU = Release|Any CPU
	EndGlobalSection
	GlobalSection(ProjectConfigurationPlatforms) = postSolution
		{F8DD78CF-7CDF-4B60-A427-1BC362A88481}.Debug|Any CPU.ActiveCfg = Debug|Any CPU
		{F8DD78CF-7CDF-4B60-A427-1BC362A88481}.Debug|Any CPU.Build.0 = Debug|Any CPU
		{F8DD78CF-7CDF-4B60-A427-1BC362A88481}.Release|Any CPU.ActiveCfg = Release|Any CPU
		{F8DD78CF-7CDF-4B60-A427-1BC362A88481}.Release|Any CPU.Build.0 = Release|Any CPU
	EndGlobalSection
	GlobalSection(SolutionProperties) = preSolution
		HideSolutionNode = FALSE
	EndGlobalSection
	GlobalSection(ExtensibilityGlobals) = postSolution
		SolutionGuid = {3267DBA1-295A-4BAD-B4C9-C4C0AFEE6703}
	EndGlobalSection
EndGlobal
