
Microsoft Visual Studio Solution File, Format Version 12.00
# Visual Studio Version 16
VisualStudioVersion = 16.0.30523.141
MinimumVisualStudioVersion = 10.0.40219.1
Project("{FAE04EC0-301F-11D3-BF4B-00C04F79EFBC}") = "Class Kid", "Class Kid\Class Kid.csproj", "{EAAE5794-B057-4AE8-A147-7A1EA6B01DC6}"
EndProject
Global
	GlobalSection(SolutionConfigurationPlatforms) = preSolution
		Debug|Any CPU = Debug|Any CPU
		Release|Any CPU = Release|Any CPU
	EndGlobalSection
	GlobalSection(ProjectConfigurationPlatforms) = postSolution
		{EAAE5794-B057-4AE8-A147-7A1EA6B01DC6}.Debug|Any CPU.ActiveCfg = Debug|Any CPU
		{EAAE5794-B057-4AE8-A147-7A1EA6B01DC6}.Debug|Any CPU.Build.0 = Debug|Any CPU
		{EAAE5794-B057-4AE8-A147-7A1EA6B01DC6}.Release|Any CPU.ActiveCfg = Release|Any CPU
		{EAAE5794-B057-4AE8-A147-7A1EA6B01DC6}.Release|Any CPU.Build.0 = Release|Any CPU
	EndGlobalSection
	GlobalSection(SolutionProperties) = preSolution
		HideSolutionNode = FALSE
	EndGlobalSection
	GlobalSection(ExtensibilityGlobals) = postSolution
		SolutionGuid = {6CB38F60-9C3A-4FBD-9188-2CD61FA32FC8}
	EndGlobalSection
EndGlobal
